
Microsoft Visual Studio Solution File, Format Version 12.00
# Visual Studio Version 17
VisualStudioVersion = 17.10.35122.118
MinimumVisualStudioVersion = 10.0.40219.1
Project("{FAE04EC0-301F-11D3-BF4B-00C04F79EFBC}") = "Ejercicio 1", "Ejercicio 1\Ejercicio 1.csproj", "{637D30FB-DA31-4373-9126-7A7ECB6C2A45}"
EndProject
Project("{FAE04EC0-301F-11D3-BF4B-00C04F79EFBC}") = "Ejercicio 2", "Ejercicio 2\Ejercicio 2.csproj", "{4A179B2E-8BF1-4397-99F4-71C53A0D421D}"
EndProject
Project("{FAE04EC0-301F-11D3-BF4B-00C04F79EFBC}") = "Ejercicio 3", "Ejercicio 3\Ejercicio 3.csproj", "{5534C766-68C9-49DB-B222-17DDB096983F}"
EndProject
Global
	GlobalSection(SolutionConfigurationPlatforms) = preSolution
		Debug|Any CPU = Debug|Any CPU
		Release|Any CPU = Release|Any CPU
	EndGlobalSection
	GlobalSection(ProjectConfigurationPlatforms) = postSolution
		{637D30FB-DA31-4373-9126-7A7ECB6C2A45}.Debug|Any CPU.ActiveCfg = Debug|Any CPU
		{637D30FB-DA31-4373-9126-7A7ECB6C2A45}.Debug|Any CPU.Build.0 = Debug|Any CPU
		{637D30FB-DA31-4373-9126-7A7ECB6C2A45}.Release|Any CPU.ActiveCfg = Release|Any CPU
		{637D30FB-DA31-4373-9126-7A7ECB6C2A45}.Release|Any CPU.Build.0 = Release|Any CPU
		{4A179B2E-8BF1-4397-99F4-71C53A0D421D}.Debug|Any CPU.ActiveCfg = Debug|Any CPU
		{4A179B2E-8BF1-4397-99F4-71C53A0D421D}.Debug|Any CPU.Build.0 = Debug|Any CPU
		{4A179B2E-8BF1-4397-99F4-71C53A0D421D}.Release|Any CPU.ActiveCfg = Release|Any CPU
		{4A179B2E-8BF1-4397-99F4-71C53A0D421D}.Release|Any CPU.Build.0 = Release|Any CPU
		{5534C766-68C9-49DB-B222-17DDB096983F}.Debug|Any CPU.ActiveCfg = Debug|Any CPU
		{5534C766-68C9-49DB-B222-17DDB096983F}.Debug|Any CPU.Build.0 = Debug|Any CPU
		{5534C766-68C9-49DB-B222-17DDB096983F}.Release|Any CPU.ActiveCfg = Release|Any CPU
		{5534C766-68C9-49DB-B222-17DDB096983F}.Release|Any CPU.Build.0 = Release|Any CPU
	EndGlobalSection
	GlobalSection(SolutionProperties) = preSolution
		HideSolutionNode = FALSE
	EndGlobalSection
	GlobalSection(ExtensibilityGlobals) = postSolution
		SolutionGuid = {8DAEF107-6EC7-462C-95B3-38273AE7F20A}
	EndGlobalSection
EndGlobal
