
Microsoft Visual Studio Solution File, Format Version 12.00
# Visual Studio Version 18
VisualStudioVersion = 18.9.12105.275 stable
MinimumVisualStudioVersion = 10.0.40219.1
Project("{FAE04EC0-301F-11D3-BF4B-00C04F79EFBC}") = "CRUD Sql Server y ADO.NET", "CRUD Sql Server y ADO.NET\CRUD Sql Server y ADO.NET.csproj", "{B08019EF-067D-4900-B659-75C36A32D44E}"
EndProject
Project("{FAE04EC0-301F-11D3-BF4B-00C04F79EFBC}") = "CRUD Sql Server y Dataset", "CRUD Sql Server y Dataset\CRUD Sql Server y Dataset.csproj", "{B3BC15FE-6A69-4866-A192-E28DB60FD2E2}"
EndProject
Project("{FAE04EC0-301F-11D3-BF4B-00C04F79EFBC}") = "CRUD Sql Server y Entity Framework", "CRUD Sql Server y Entity Framework\CRUD Sql Server y Entity Framework.csproj", "{0AC35ED3-E179-4C8A-BB1E-94FCBA01B0D2}"
EndProject
Global
	GlobalSection(SolutionConfigurationPlatforms) = preSolution
		Debug|Any CPU = Debug|Any CPU
		Release|Any CPU = Release|Any CPU
	EndGlobalSection
	GlobalSection(ProjectConfigurationPlatforms) = postSolution
		{B08019EF-067D-4900-B659-75C36A32D44E}.Debug|Any CPU.ActiveCfg = Debug|Any CPU
		{B08019EF-067D-4900-B659-75C36A32D44E}.Debug|Any CPU.Build.0 = Debug|Any CPU
		{B08019EF-067D-4900-B659-75C36A32D44E}.Release|Any CPU.ActiveCfg = Release|Any CPU
		{B08019EF-067D-4900-B659-75C36A32D44E}.Release|Any CPU.Build.0 = Release|Any CPU
		{B3BC15FE-6A69-4866-A192-E28DB60FD2E2}.Debug|Any CPU.ActiveCfg = Debug|Any CPU
		{B3BC15FE-6A69-4866-A192-E28DB60FD2E2}.Debug|Any CPU.Build.0 = Debug|Any CPU
		{B3BC15FE-6A69-4866-A192-E28DB60FD2E2}.Release|Any CPU.ActiveCfg = Release|Any CPU
		{B3BC15FE-6A69-4866-A192-E28DB60FD2E2}.Release|Any CPU.Build.0 = Release|Any CPU
		{0AC35ED3-E179-4C8A-BB1E-94FCBA01B0D2}.Debug|Any CPU.ActiveCfg = Debug|Any CPU
		{0AC35ED3-E179-4C8A-BB1E-94FCBA01B0D2}.Debug|Any CPU.Build.0 = Debug|Any CPU
		{0AC35ED3-E179-4C8A-BB1E-94FCBA01B0D2}.Release|Any CPU.ActiveCfg = Release|Any CPU
		{0AC35ED3-E179-4C8A-BB1E-94FCBA01B0D2}.Release|Any CPU.Build.0 = Release|Any CPU
	EndGlobalSection
	GlobalSection(SolutionProperties) = preSolution
		HideSolutionNode = FALSE
	EndGlobalSection
	GlobalSection(ExtensibilityGlobals) = postSolution
		SolutionGuid = {73428786-81BE-41C2-8FBC-B855A1D97776}
	EndGlobalSection
EndGlobal
