
Microsoft Visual Studio Solution File, Format Version 12.00
# Visual Studio Version 17
VisualStudioVersion = 17.10.35122.118
MinimumVisualStudioVersion = 10.0.40219.1
Project("{FAE04EC0-301F-11D3-BF4B-00C04F79EFBC}") = "Ejercicio Arbol", "Ejercicio Arbol.csproj", "{3E364763-1AEF-4F0C-9826-54BD5EDFC7C2}"
EndProject
Global
	GlobalSection(SolutionConfigurationPlatforms) = preSolution
		Debug|Any CPU = Debug|Any CPU
		Release|Any CPU = Release|Any CPU
	EndGlobalSection
	GlobalSection(ProjectConfigurationPlatforms) = postSolution
		{3E364763-1AEF-4F0C-9826-54BD5EDFC7C2}.Debug|Any CPU.ActiveCfg = Debug|Any CPU
		{3E364763-1AEF-4F0C-9826-54BD5EDFC7C2}.Debug|Any CPU.Build.0 = Debug|Any CPU
		{3E364763-1AEF-4F0C-9826-54BD5EDFC7C2}.Release|Any CPU.ActiveCfg = Release|Any CPU
		{3E364763-1AEF-4F0C-9826-54BD5EDFC7C2}.Release|Any CPU.Build.0 = Release|Any CPU
	EndGlobalSection
	GlobalSection(SolutionProperties) = preSolution
		HideSolutionNode = FALSE
	EndGlobalSection
	GlobalSection(ExtensibilityGlobals) = postSolution
		SolutionGuid = {68986342-92A4-4DC7-95BA-C3FD3FAE932F}
	EndGlobalSection
EndGlobal
