
Microsoft Visual Studio Solution File, Format Version 12.00
# Visual Studio Version 17
VisualStudioVersion = 17.11.35327.3
MinimumVisualStudioVersion = 10.0.40219.1
Project("{9A19103F-16F7-4668-BE54-9A1E7A4F7556}") = "Ejercicio Archivos", "Ejercicio Archivos.csproj", "{A37D7BDF-79C2-49BB-A630-F20E8834665B}"
EndProject
Global
	GlobalSection(SolutionConfigurationPlatforms) = preSolution
		Debug|Any CPU = Debug|Any CPU
		Release|Any CPU = Release|Any CPU
	EndGlobalSection
	GlobalSection(ProjectConfigurationPlatforms) = postSolution
		{A37D7BDF-79C2-49BB-A630-F20E8834665B}.Debug|Any CPU.ActiveCfg = Debug|Any CPU
		{A37D7BDF-79C2-49BB-A630-F20E8834665B}.Debug|Any CPU.Build.0 = Debug|Any CPU
		{A37D7BDF-79C2-49BB-A630-F20E8834665B}.Release|Any CPU.ActiveCfg = Release|Any CPU
		{A37D7BDF-79C2-49BB-A630-F20E8834665B}.Release|Any CPU.Build.0 = Release|Any CPU
	EndGlobalSection
	GlobalSection(SolutionProperties) = preSolution
		HideSolutionNode = FALSE
	EndGlobalSection
	GlobalSection(ExtensibilityGlobals) = postSolution
		SolutionGuid = {C44E52A5-1288-4C8E-BCE2-754C687DC2D0}
	EndGlobalSection
EndGlobal
